
Microsoft Visual Studio Solution File, Format Version 12.00
# Visual Studio 15
VisualStudioVersion = 15.0.28010.2026
MinimumVisualStudioVersion = 10.0.40219.1
Project("{FAE04EC0-301F-11D3-BF4B-00C04F79EFBC}") = "carros_2.Android", "carros_2\carros_2.Android\carros_2.Android.csproj", "{1FC8D46F-51F4-43AB-9D22-A860FB774A50}"
EndProject
Project("{FAE04EC0-301F-11D3-BF4B-00C04F79EFBC}") = "carros_2.iOS", "carros_2\carros_2.iOS\carros_2.iOS.csproj", "{2772163E-3102-4848-ADFD-394A244053BD}"
EndProject
Project("{FAE04EC0-301F-11D3-BF4B-00C04F79EFBC}") = "carros_2.UWP", "carros_2\carros_2.UWP\carros_2.UWP.csproj", "{926FB41C-72F0-48FB-B991-0268F1F40750}"
EndProject
Project("{D954291E-2A0B-460D-934E-DC6B0785DB48}") = "carros_2", "carros_2\carros_2\carros_2.shproj", "{BF6DECF8-972F-4685-B378-CBB527270E61}"
EndProject
Project("{FAE04EC0-301F-11D3-BF4B-00C04F79EFBC}") = "carXapi", "carXapi\carXapi.csproj", "{E264CCC2-2434-47A7-AA28-4B50D013EE22}"
EndProject
Global
	GlobalSection(SharedMSBuildProjectFiles) = preSolution
		carros_2\carros_2\carros_2.projitems*{1fc8d46f-51f4-43ab-9d22-a860fb774a50}*SharedItemsImports = 4
		carros_2\carros_2\carros_2.projitems*{bf6decf8-972f-4685-b378-cbb527270e61}*SharedItemsImports = 13
	EndGlobalSection
	GlobalSection(SolutionConfigurationPlatforms) = preSolution
		Ad-Hoc|Any CPU = Ad-Hoc|Any CPU
		Ad-Hoc|ARM = Ad-Hoc|ARM
		Ad-Hoc|iPhone = Ad-Hoc|iPhone
		Ad-Hoc|iPhoneSimulator = Ad-Hoc|iPhoneSimulator
		Ad-Hoc|x64 = Ad-Hoc|x64
		Ad-Hoc|x86 = Ad-Hoc|x86
		AppStore|Any CPU = AppStore|Any CPU
		AppStore|ARM = AppStore|ARM
		AppStore|iPhone = AppStore|iPhone
		AppStore|iPhoneSimulator = AppStore|iPhoneSimulator
		AppStore|x64 = AppStore|x64
		AppStore|x86 = AppStore|x86
		Debug|Any CPU = Debug|Any CPU
		Debug|ARM = Debug|ARM
		Debug|iPhone = Debug|iPhone
		Debug|iPhoneSimulator = Debug|iPhoneSimulator
		Debug|x64 = Debug|x64
		Debug|x86 = Debug|x86
		Release|Any CPU = Release|Any CPU
		Release|ARM = Release|ARM
		Release|iPhone = Release|iPhone
		Release|iPhoneSimulator = Release|iPhoneSimulator
		Release|x64 = Release|x64
		Release|x86 = Release|x86
	EndGlobalSection
	GlobalSection(ProjectConfigurationPlatforms) = postSolution
		{1FC8D46F-51F4-43AB-9D22-A860FB774A50}.Ad-Hoc|Any CPU.ActiveCfg = Release|Any CPU
		{1FC8D46F-51F4-43AB-9D22-A860FB774A50}.Ad-Hoc|Any CPU.Build.0 = Release|Any CPU
		{1FC8D46F-51F4-43AB-9D22-A860FB774A50}.Ad-Hoc|Any CPU.Deploy.0 = Release|Any CPU
		{1FC8D46F-51F4-43AB-9D22-A860FB774A50}.Ad-Hoc|ARM.ActiveCfg = Release|Any CPU
		{1FC8D46F-51F4-43AB-9D22-A860FB774A50}.Ad-Hoc|ARM.Build.0 = Release|Any CPU
		{1FC8D46F-51F4-43AB-9D22-A860FB774A50}.Ad-Hoc|ARM.Deploy.0 = Release|Any CPU
		{1FC8D46F-51F4-43AB-9D22-A860FB774A50}.Ad-Hoc|iPhone.ActiveCfg = Release|Any CPU
		{1FC8D46F-51F4-43AB-9D22-A860FB774A50}.Ad-Hoc|iPhone.Build.0 = Release|Any CPU
		{1FC8D46F-51F4-43AB-9D22-A860FB774A50}.Ad-Hoc|iPhone.Deploy.0 = Release|Any CPU
		{1FC8D46F-51F4-43AB-9D22-A860FB774A50}.Ad-Hoc|iPhoneSimulator.ActiveCfg = Release|Any CPU
		{1FC8D46F-51F4-43AB-9D22-A860FB774A50}.Ad-Hoc|iPhoneSimulator.Build.0 = Release|Any CPU
		{1FC8D46F-51F4-43AB-9D22-A860FB774A50}.Ad-Hoc|iPhoneSimulator.Deploy.0 = Release|Any CPU
		{1FC8D46F-51F4-43AB-9D22-A860FB774A50}.Ad-Hoc|x64.ActiveCfg = Release|Any CPU
		{1FC8D46F-51F4-43AB-9D22-A860FB774A50}.Ad-Hoc|x64.Build.0 = Release|Any CPU
		{1FC8D46F-51F4-43AB-9D22-A860FB774A50}.Ad-Hoc|x64.Deploy.0 = Release|Any CPU
		{1FC8D46F-51F4-43AB-9D22-A860FB774A50}.Ad-Hoc|x86.ActiveCfg = Release|Any CPU
		{1FC8D46F-51F4-43AB-9D22-A860FB774A50}.Ad-Hoc|x86.Build.0 = Release|Any CPU
		{1FC8D46F-51F4-43AB-9D22-A860FB774A50}.Ad-Hoc|x86.Deploy.0 = Release|Any CPU
		{1FC8D46F-51F4-43AB-9D22-A860FB774A50}.AppStore|Any CPU.ActiveCfg = Release|Any CPU
		{1FC8D46F-51F4-43AB-9D22-A860FB774A50}.AppStore|Any CPU.Build.0 = Release|Any CPU
		{1FC8D46F-51F4-43AB-9D22-A860FB774A50}.AppStore|Any CPU.Deploy.0 = Release|Any CPU
		{1FC8D46F-51F4-43AB-9D22-A860FB774A50}.AppStore|ARM.ActiveCfg = Release|Any CPU
		{1FC8D46F-51F4-43AB-9D22-A860FB774A50}.AppStore|ARM.Build.0 = Release|Any CPU
		{1FC8D46F-51F4-43AB-9D22-A860FB774A50}.AppStore|ARM.Deploy.0 = Release|Any CPU
		{1FC8D46F-51F4-43AB-9D22-A860FB774A50}.AppStore|iPhone.ActiveCfg = Release|Any CPU
		{1FC8D46F-51F4-43AB-9D22-A860FB774A50}.AppStore|iPhone.Build.0 = Release|Any CPU
		{1FC8D46F-51F4-43AB-9D22-A860FB774A50}.AppStore|iPhone.Deploy.0 = Release|Any CPU
		{1FC8D46F-51F4-43AB-9D22-A860FB774A50}.AppStore|iPhoneSimulator.ActiveCfg = Release|Any CPU
		{1FC8D46F-51F4-43AB-9D22-A860FB774A50}.AppStore|iPhoneSimulator.Build.0 = Release|Any CPU
		{1FC8D46F-51F4-43AB-9D22-A860FB774A50}.AppStore|iPhoneSimulator.Deploy.0 = Release|Any CPU
		{1FC8D46F-51F4-43AB-9D22-A860FB774A50}.AppStore|x64.ActiveCfg = Release|Any CPU
		{1FC8D46F-51F4-43AB-9D22-A860FB774A50}.AppStore|x64.Build.0 = Release|Any CPU
		{1FC8D46F-51F4-43AB-9D22-A860FB774A50}.AppStore|x64.Deploy.0 = Release|Any CPU
		{1FC8D46F-51F4-43AB-9D22-A860FB774A50}.AppStore|x86.ActiveCfg = Release|Any CPU
		{1FC8D46F-51F4-43AB-9D22-A860FB774A50}.AppStore|x86.Build.0 = Release|Any CPU
		{1FC8D46F-51F4-43AB-9D22-A860FB774A50}.AppStore|x86.Deploy.0 = Release|Any CPU
		{1FC8D46F-51F4-43AB-9D22-A860FB774A50}.Debug|Any CPU.ActiveCfg = Debug|Any CPU
		{1FC8D46F-51F4-43AB-9D22-A860FB774A50}.Debug|Any CPU.Build.0 = Debug|Any CPU
		{1FC8D46F-51F4-43AB-9D22-A860FB774A50}.Debug|Any CPU.Deploy.0 = Debug|Any CPU
		{1FC8D46F-51F4-43AB-9D22-A860FB774A50}.Debug|ARM.ActiveCfg = Debug|Any CPU
		{1FC8D46F-51F4-43AB-9D22-A860FB774A50}.Debug|ARM.Build.0 = Debug|Any CPU
		{1FC8D46F-51F4-43AB-9D22-A860FB774A50}.Debug|ARM.Deploy.0 = Debug|Any CPU
		{1FC8D46F-51F4-43AB-9D22-A860FB774A50}.Debug|iPhone.ActiveCfg = Debug|Any CPU
		{1FC8D46F-51F4-43AB-9D22-A860FB774A50}.Debug|iPhone.Build.0 = Debug|Any CPU
		{1FC8D46F-51F4-43AB-9D22-A860FB774A50}.Debug|iPhone.Deploy.0 = Debug|Any CPU
		{1FC8D46F-51F4-43AB-9D22-A860FB774A50}.Debug|iPhoneSimulator.ActiveCfg = Debug|Any CPU
		{1FC8D46F-51F4-43AB-9D22-A860FB774A50}.Debug|iPhoneSimulator.Build.0 = Debug|Any CPU
		{1FC8D46F-51F4-43AB-9D22-A860FB774A50}.Debug|iPhoneSimulator.Deploy.0 = Debug|Any CPU
		{1FC8D46F-51F4-43AB-9D22-A860FB774A50}.Debug|x64.ActiveCfg = Debug|Any CPU
		{1FC8D46F-51F4-43AB-9D22-A860FB774A50}.Debug|x64.Build.0 = Debug|Any CPU
		{1FC8D46F-51F4-43AB-9D22-A860FB774A50}.Debug|x64.Deploy.0 = Debug|Any CPU
		{1FC8D46F-51F4-43AB-9D22-A860FB774A50}.Debug|x86.ActiveCfg = Debug|Any CPU
		{1FC8D46F-51F4-43AB-9D22-A860FB774A50}.Debug|x86.Build.0 = Debug|Any CPU
		{1FC8D46F-51F4-43AB-9D22-A860FB774A50}.Debug|x86.Deploy.0 = Debug|Any CPU
		{1FC8D46F-51F4-43AB-9D22-A860FB774A50}.Release|Any CPU.ActiveCfg = Release|Any CPU
		{1FC8D46F-51F4-43AB-9D22-A860FB774A50}.Release|Any CPU.Build.0 = Release|Any CPU
		{1FC8D46F-51F4-43AB-9D22-A860FB774A50}.Release|Any CPU.Deploy.0 = Release|Any CPU
		{1FC8D46F-51F4-43AB-9D22-A860FB774A50}.Release|ARM.ActiveCfg = Release|Any CPU
		{1FC8D46F-51F4-43AB-9D22-A860FB774A50}.Release|ARM.Build.0 = Release|Any CPU
		{1FC8D46F-51F4-43AB-9D22-A860FB774A50}.Release|ARM.Deploy.0 = Release|Any CPU
		{1FC8D46F-51F4-43AB-9D22-A860FB774A50}.Release|iPhone.ActiveCfg = Release|Any CPU
		{1FC8D46F-51F4-43AB-9D22-A860FB774A50}.Release|iPhone.Build.0 = Release|Any CPU
		{1FC8D46F-51F4-43AB-9D22-A860FB774A50}.Release|iPhone.Deploy.0 = Release|Any CPU
		{1FC8D46F-51F4-43AB-9D22-A860FB774A50}.Release|iPhoneSimulator.ActiveCfg = Release|Any CPU
		{1FC8D46F-51F4-43AB-9D22-A860FB774A50}.Release|iPhoneSimulator.Build.0 = Release|Any CPU
		{1FC8D46F-51F4-43AB-9D22-A860FB774A50}.Release|iPhoneSimulator.Deploy.0 = Release|Any CPU
		{1FC8D46F-51F4-43AB-9D22-A860FB774A50}.Release|x64.ActiveCfg = Release|Any CPU
		{1FC8D46F-51F4-43AB-9D22-A860FB774A50}.Release|x64.Build.0 = Release|Any CPU
		{1FC8D46F-51F4-43AB-9D22-A860FB774A50}.Release|x64.Deploy.0 = Release|Any CPU
		{1FC8D46F-51F4-43AB-9D22-A860FB774A50}.Release|x86.ActiveCfg = Release|Any CPU
		{1FC8D46F-51F4-43AB-9D22-A860FB774A50}.Release|x86.Build.0 = Release|Any CPU
		{1FC8D46F-51F4-43AB-9D22-A860FB774A50}.Release|x86.Deploy.0 = Release|Any CPU
		{2772163E-3102-4848-ADFD-394A244053BD}.Ad-Hoc|Any CPU.ActiveCfg = Ad-Hoc|iPhone
		{2772163E-3102-4848-ADFD-394A244053BD}.Ad-Hoc|Any CPU.Build.0 = Ad-Hoc|iPhone
		{2772163E-3102-4848-ADFD-394A244053BD}.Ad-Hoc|Any CPU.Deploy.0 = Ad-Hoc|iPhone
		{2772163E-3102-4848-ADFD-394A244053BD}.Ad-Hoc|ARM.ActiveCfg = Ad-Hoc|iPhone
		{2772163E-3102-4848-ADFD-394A244053BD}.Ad-Hoc|ARM.Build.0 = Ad-Hoc|iPhone
		{2772163E-3102-4848-ADFD-394A244053BD}.Ad-Hoc|ARM.Deploy.0 = Ad-Hoc|iPhone
		{2772163E-3102-4848-ADFD-394A244053BD}.Ad-Hoc|iPhone.ActiveCfg = Ad-Hoc|iPhone
		{2772163E-3102-4848-ADFD-394A244053BD}.Ad-Hoc|iPhone.Build.0 = Ad-Hoc|iPhone
		{2772163E-3102-4848-ADFD-394A244053BD}.Ad-Hoc|iPhone.Deploy.0 = Ad-Hoc|iPhone
		{2772163E-3102-4848-ADFD-394A244053BD}.Ad-Hoc|iPhoneSimulator.ActiveCfg = Ad-Hoc|iPhoneSimulator
		{2772163E-3102-4848-ADFD-394A244053BD}.Ad-Hoc|iPhoneSimulator.Build.0 = Ad-Hoc|iPhoneSimulator
		{2772163E-3102-4848-ADFD-394A244053BD}.Ad-Hoc|iPhoneSimulator.Deploy.0 = Ad-Hoc|iPhoneSimulator
		{2772163E-3102-4848-ADFD-394A244053BD}.Ad-Hoc|x64.ActiveCfg = Ad-Hoc|iPhone
		{2772163E-3102-4848-ADFD-394A244053BD}.Ad-Hoc|x64.Build.0 = Ad-Hoc|iPhone
		{2772163E-3102-4848-ADFD-394A244053BD}.Ad-Hoc|x64.Deploy.0 = Ad-Hoc|iPhone
		{2772163E-3102-4848-ADFD-394A244053BD}.Ad-Hoc|x86.ActiveCfg = Ad-Hoc|iPhone
		{2772163E-3102-4848-ADFD-394A244053BD}.Ad-Hoc|x86.Build.0 = Ad-Hoc|iPhone
		{2772163E-3102-4848-ADFD-394A244053BD}.Ad-Hoc|x86.Deploy.0 = Ad-Hoc|iPhone
		{2772163E-3102-4848-ADFD-394A244053BD}.AppStore|Any CPU.ActiveCfg = AppStore|iPhone
		{2772163E-3102-4848-ADFD-394A244053BD}.AppStore|Any CPU.Build.0 = AppStore|iPhone
		{2772163E-3102-4848-ADFD-394A244053BD}.AppStore|Any CPU.Deploy.0 = AppStore|iPhone
		{2772163E-3102-4848-ADFD-394A244053BD}.AppStore|ARM.ActiveCfg = AppStore|iPhone
		{2772163E-3102-4848-ADFD-394A244053BD}.AppStore|ARM.Build.0 = AppStore|iPhone
		{2772163E-3102-4848-ADFD-394A244053BD}.AppStore|ARM.Deploy.0 = AppStore|iPhone
		{2772163E-3102-4848-ADFD-394A244053BD}.AppStore|iPhone.ActiveCfg = AppStore|iPhone
		{2772163E-3102-4848-ADFD-394A244053BD}.AppStore|iPhone.Build.0 = AppStore|iPhone
		{2772163E-3102-4848-ADFD-394A244053BD}.AppStore|iPhone.Deploy.0 = AppStore|iPhone
		{2772163E-3102-4848-ADFD-394A244053BD}.AppStore|iPhoneSimulator.ActiveCfg = AppStore|iPhoneSimulator
		{2772163E-3102-4848-ADFD-394A244053BD}.AppStore|iPhoneSimulator.Build.0 = AppStore|iPhoneSimulator
		{2772163E-3102-4848-ADFD-394A244053BD}.AppStore|iPhoneSimulator.Deploy.0 = AppStore|iPhoneSimulator
		{2772163E-3102-4848-ADFD-394A244053BD}.AppStore|x64.ActiveCfg = AppStore|iPhone
		{2772163E-3102-4848-ADFD-394A244053BD}.AppStore|x64.Build.0 = AppStore|iPhone
		{2772163E-3102-4848-ADFD-394A244053BD}.AppStore|x64.Deploy.0 = AppStore|iPhone
		{2772163E-3102-4848-ADFD-394A244053BD}.AppStore|x86.ActiveCfg = AppStore|iPhone
		{2772163E-3102-4848-ADFD-394A244053BD}.AppStore|x86.Build.0 = AppStore|iPhone
		{2772163E-3102-4848-ADFD-394A244053BD}.AppStore|x86.Deploy.0 = AppStore|iPhone
		{2772163E-3102-4848-ADFD-394A244053BD}.Debug|Any CPU.ActiveCfg = Debug|iPhone
		{2772163E-3102-4848-ADFD-394A244053BD}.Debug|Any CPU.Build.0 = Debug|iPhone
		{2772163E-3102-4848-ADFD-394A244053BD}.Debug|Any CPU.Deploy.0 = Debug|iPhone
		{2772163E-3102-4848-ADFD-394A244053BD}.Debug|ARM.ActiveCfg = Debug|iPhone
		{2772163E-3102-4848-ADFD-394A244053BD}.Debug|ARM.Build.0 = Debug|iPhone
		{2772163E-3102-4848-ADFD-394A244053BD}.Debug|ARM.Deploy.0 = Debug|iPhone
		{2772163E-3102-4848-ADFD-394A244053BD}.Debug|iPhone.ActiveCfg = Debug|iPhone
		{2772163E-3102-4848-ADFD-394A244053BD}.Debug|iPhone.Build.0 = Debug|iPhone
		{2772163E-3102-4848-ADFD-394A244053BD}.Debug|iPhone.Deploy.0 = Debug|iPhone
		{2772163E-3102-4848-ADFD-394A244053BD}.Debug|iPhoneSimulator.ActiveCfg = Debug|iPhoneSimulator
		{2772163E-3102-4848-ADFD-394A244053BD}.Debug|iPhoneSimulator.Build.0 = Debug|iPhoneSimulator
		{2772163E-3102-4848-ADFD-394A244053BD}.Debug|iPhoneSimulator.Deploy.0 = Debug|iPhoneSimulator
		{2772163E-3102-4848-ADFD-394A244053BD}.Debug|x64.ActiveCfg = Debug|iPhone
		{2772163E-3102-4848-ADFD-394A244053BD}.Debug|x64.Build.0 = Debug|iPhone
		{2772163E-3102-4848-ADFD-394A244053BD}.Debug|x64.Deploy.0 = Debug|iPhone
		{2772163E-3102-4848-ADFD-394A244053BD}.Debug|x86.ActiveCfg = Debug|iPhoneSimulator
		{2772163E-3102-4848-ADFD-394A244053BD}.Debug|x86.Build.0 = Debug|iPhoneSimulator
		{2772163E-3102-4848-ADFD-394A244053BD}.Debug|x86.Deploy.0 = Debug|iPhoneSimulator
		{2772163E-3102-4848-ADFD-394A244053BD}.Release|Any CPU.ActiveCfg = Release|iPhone
		{2772163E-3102-4848-ADFD-394A244053BD}.Release|Any CPU.Build.0 = Release|iPhone
		{2772163E-3102-4848-ADFD-394A244053BD}.Release|Any CPU.Deploy.0 = Release|iPhone
		{2772163E-3102-4848-ADFD-394A244053BD}.Release|ARM.ActiveCfg = Release|iPhone
		{2772163E-3102-4848-ADFD-394A244053BD}.Release|ARM.Build.0 = Release|iPhone
		{2772163E-3102-4848-ADFD-394A244053BD}.Release|ARM.Deploy.0 = Release|iPhone
		{2772163E-3102-4848-ADFD-394A244053BD}.Release|iPhone.ActiveCfg = Release|iPhone
		{2772163E-3102-4848-ADFD-394A244053BD}.Release|iPhone.Build.0 = Release|iPhone
		{2772163E-3102-4848-ADFD-394A244053BD}.Release|iPhone.Deploy.0 = Release|iPhone
		{2772163E-3102-4848-ADFD-394A244053BD}.Release|iPhoneSimulator.ActiveCfg = Release|iPhoneSimulator
		{2772163E-3102-4848-ADFD-394A244053BD}.Release|iPhoneSimulator.Build.0 = Release|iPhoneSimulator
		{2772163E-3102-4848-ADFD-394A244053BD}.Release|iPhoneSimulator.Deploy.0 = Release|iPhoneSimulator
		{2772163E-3102-4848-ADFD-394A244053BD}.Release|x64.ActiveCfg = Release|iPhone
		{2772163E-3102-4848-ADFD-394A244053BD}.Release|x64.Build.0 = Release|iPhone
		{2772163E-3102-4848-ADFD-394A244053BD}.Release|x64.Deploy.0 = Release|iPhone
		{2772163E-3102-4848-ADFD-394A244053BD}.Release|x86.ActiveCfg = Release|iPhone
		{2772163E-3102-4848-ADFD-394A244053BD}.Release|x86.Build.0 = Release|iPhone
		{2772163E-3102-4848-ADFD-394A244053BD}.Release|x86.Deploy.0 = Release|iPhone
		{926FB41C-72F0-48FB-B991-0268F1F40750}.Ad-Hoc|Any CPU.ActiveCfg = Release|x86
		{926FB41C-72F0-48FB-B991-0268F1F40750}.Ad-Hoc|Any CPU.Build.0 = Release|x86
		{926FB41C-72F0-48FB-B991-0268F1F40750}.Ad-Hoc|Any CPU.Deploy.0 = Release|x86
		{926FB41C-72F0-48FB-B991-0268F1F40750}.Ad-Hoc|ARM.ActiveCfg = Release|ARM
		{926FB41C-72F0-48FB-B991-0268F1F40750}.Ad-Hoc|ARM.Build.0 = Release|ARM
		{926FB41C-72F0-48FB-B991-0268F1F40750}.Ad-Hoc|ARM.Deploy.0 = Release|ARM
		{926FB41C-72F0-48FB-B991-0268F1F40750}.Ad-Hoc|iPhone.ActiveCfg = Release|x86
		{926FB41C-72F0-48FB-B991-0268F1F40750}.Ad-Hoc|iPhone.Build.0 = Release|x86
		{926FB41C-72F0-48FB-B991-0268F1F40750}.Ad-Hoc|iPhone.Deploy.0 = Release|x86
		{926FB41C-72F0-48FB-B991-0268F1F40750}.Ad-Hoc|iPhoneSimulator.ActiveCfg = Release|x86
		{926FB41C-72F0-48FB-B991-0268F1F40750}.Ad-Hoc|iPhoneSimulator.Build.0 = Release|x86
		{926FB41C-72F0-48FB-B991-0268F1F40750}.Ad-Hoc|iPhoneSimulator.Deploy.0 = Release|x86
		{926FB41C-72F0-48FB-B991-0268F1F40750}.Ad-Hoc|x64.ActiveCfg = Release|x64
		{926FB41C-72F0-48FB-B991-0268F1F40750}.Ad-Hoc|x64.Build.0 = Release|x64
		{926FB41C-72F0-48FB-B991-0268F1F40750}.Ad-Hoc|x64.Deploy.0 = Release|x64
		{926FB41C-72F0-48FB-B991-0268F1F40750}.Ad-Hoc|x86.ActiveCfg = Release|x86
		{926FB41C-72F0-48FB-B991-0268F1F40750}.Ad-Hoc|x86.Build.0 = Release|x86
		{926FB41C-72F0-48FB-B991-0268F1F40750}.Ad-Hoc|x86.Deploy.0 = Release|x86
		{926FB41C-72F0-48FB-B991-0268F1F40750}.AppStore|Any CPU.ActiveCfg = Release|x86
		{926FB41C-72F0-48FB-B991-0268F1F40750}.AppStore|Any CPU.Build.0 = Release|x86
		{926FB41C-72F0-48FB-B991-0268F1F40750}.AppStore|Any CPU.Deploy.0 = Release|x86
		{926FB41C-72F0-48FB-B991-0268F1F40750}.AppStore|ARM.ActiveCfg = Release|ARM
		{926FB41C-72F0-48FB-B991-0268F1F40750}.AppStore|ARM.Build.0 = Release|ARM
		{926FB41C-72F0-48FB-B991-0268F1F40750}.AppStore|ARM.Deploy.0 = Release|ARM
		{926FB41C-72F0-48FB-B991-0268F1F40750}.AppStore|iPhone.ActiveCfg = Release|x86
		{926FB41C-72F0-48FB-B991-0268F1F40750}.AppStore|iPhone.Build.0 = Release|x86
		{926FB41C-72F0-48FB-B991-0268F1F40750}.AppStore|iPhone.Deploy.0 = Release|x86
		{926FB41C-72F0-48FB-B991-0268F1F40750}.AppStore|iPhoneSimulator.ActiveCfg = Release|x86
		{926FB41C-72F0-48FB-B991-0268F1F40750}.AppStore|iPhoneSimulator.Build.0 = Release|x86
		{926FB41C-72F0-48FB-B991-0268F1F40750}.AppStore|iPhoneSimulator.Deploy.0 = Release|x86
		{926FB41C-72F0-48FB-B991-0268F1F40750}.AppStore|x64.ActiveCfg = Release|x64
		{926FB41C-72F0-48FB-B991-0268F1F40750}.AppStore|x64.Build.0 = Release|x64
		{926FB41C-72F0-48FB-B991-0268F1F40750}.AppStore|x64.Deploy.0 = Release|x64
		{926FB41C-72F0-48FB-B991-0268F1F40750}.AppStore|x86.ActiveCfg = Release|x86
		{926FB41C-72F0-48FB-B991-0268F1F40750}.AppStore|x86.Build.0 = Release|x86
		{926FB41C-72F0-48FB-B991-0268F1F40750}.AppStore|x86.Deploy.0 = Release|x86
		{926FB41C-72F0-48FB-B991-0268F1F40750}.Debug|Any CPU.ActiveCfg = Debug|x86
		{926FB41C-72F0-48FB-B991-0268F1F40750}.Debug|Any CPU.Build.0 = Debug|x86
		{926FB41C-72F0-48FB-B991-0268F1F40750}.Debug|Any CPU.Deploy.0 = Debug|x86
		{926FB41C-72F0-48FB-B991-0268F1F40750}.Debug|ARM.ActiveCfg = Debug|ARM
		{926FB41C-72F0-48FB-B991-0268F1F40750}.Debug|ARM.Build.0 = Debug|ARM
		{926FB41C-72F0-48FB-B991-0268F1F40750}.Debug|ARM.Deploy.0 = Debug|ARM
		{926FB41C-72F0-48FB-B991-0268F1F40750}.Debug|iPhone.ActiveCfg = Debug|x86
		{926FB41C-72F0-48FB-B991-0268F1F40750}.Debug|iPhone.Build.0 = Debug|x86
		{926FB41C-72F0-48FB-B991-0268F1F40750}.Debug|iPhone.Deploy.0 = Debug|x86
		{926FB41C-72F0-48FB-B991-0268F1F40750}.Debug|iPhoneSimulator.ActiveCfg = Debug|x86
		{926FB41C-72F0-48FB-B991-0268F1F40750}.Debug|iPhoneSimulator.Build.0 = Debug|x86
		{926FB41C-72F0-48FB-B991-0268F1F40750}.Debug|iPhoneSimulator.Deploy.0 = Debug|x86
		{926FB41C-72F0-48FB-B991-0268F1F40750}.Debug|x64.ActiveCfg = Debug|x64
		{926FB41C-72F0-48FB-B991-0268F1F40750}.Debug|x64.Build.0 = Debug|x64
		{926FB41C-72F0-48FB-B991-0268F1F40750}.Debug|x64.Deploy.0 = Debug|x64
		{926FB41C-72F0-48FB-B991-0268F1F40750}.Debug|x86.ActiveCfg = Debug|x86
		{926FB41C-72F0-48FB-B991-0268F1F40750}.Debug|x86.Build.0 = Debug|x86
		{926FB41C-72F0-48FB-B991-0268F1F40750}.Debug|x86.Deploy.0 = Debug|x86
		{926FB41C-72F0-48FB-B991-0268F1F40750}.Release|Any CPU.ActiveCfg = Release|x86
		{926FB41C-72F0-48FB-B991-0268F1F40750}.Release|Any CPU.Build.0 = Release|x86
		{926FB41C-72F0-48FB-B991-0268F1F40750}.Release|Any CPU.Deploy.0 = Release|x86
		{926FB41C-72F0-48FB-B991-0268F1F40750}.Release|ARM.ActiveCfg = Release|ARM
		{926FB41C-72F0-48FB-B991-0268F1F40750}.Release|ARM.Build.0 = Release|ARM
		{926FB41C-72F0-48FB-B991-0268F1F40750}.Release|ARM.Deploy.0 = Release|ARM
		{926FB41C-72F0-48FB-B991-0268F1F40750}.Release|iPhone.ActiveCfg = Release|x86
		{926FB41C-72F0-48FB-B991-0268F1F40750}.Release|iPhone.Build.0 = Release|x86
		{926FB41C-72F0-48FB-B991-0268F1F40750}.Release|iPhone.Deploy.0 = Release|x86
		{926FB41C-72F0-48FB-B991-0268F1F40750}.Release|iPhoneSimulator.ActiveCfg = Release|x86
		{926FB41C-72F0-48FB-B991-0268F1F40750}.Release|iPhoneSimulator.Build.0 = Release|x86
		{926FB41C-72F0-48FB-B991-0268F1F40750}.Release|iPhoneSimulator.Deploy.0 = Release|x86
		{926FB41C-72F0-48FB-B991-0268F1F40750}.Release|x64.ActiveCfg = Release|x64
		{926FB41C-72F0-48FB-B991-0268F1F40750}.Release|x64.Build.0 = Release|x64
		{926FB41C-72F0-48FB-B991-0268F1F40750}.Release|x64.Deploy.0 = Release|x64
		{926FB41C-72F0-48FB-B991-0268F1F40750}.Release|x86.ActiveCfg = Release|x86
		{926FB41C-72F0-48FB-B991-0268F1F40750}.Release|x86.Build.0 = Release|x86
		{926FB41C-72F0-48FB-B991-0268F1F40750}.Release|x86.Deploy.0 = Release|x86
		{E264CCC2-2434-47A7-AA28-4B50D013EE22}.Ad-Hoc|Any CPU.ActiveCfg = Debug|Any CPU
		{E264CCC2-2434-47A7-AA28-4B50D013EE22}.Ad-Hoc|Any CPU.Build.0 = Debug|Any CPU
		{E264CCC2-2434-47A7-AA28-4B50D013EE22}.Ad-Hoc|ARM.ActiveCfg = Debug|Any CPU
		{E264CCC2-2434-47A7-AA28-4B50D013EE22}.Ad-Hoc|ARM.Build.0 = Debug|Any CPU
		{E264CCC2-2434-47A7-AA28-4B50D013EE22}.Ad-Hoc|iPhone.ActiveCfg = Debug|Any CPU
		{E264CCC2-2434-47A7-AA28-4B50D013EE22}.Ad-Hoc|iPhone.Build.0 = Debug|Any CPU
		{E264CCC2-2434-47A7-AA28-4B50D013EE22}.Ad-Hoc|iPhoneSimulator.ActiveCfg = Debug|Any CPU
		{E264CCC2-2434-47A7-AA28-4B50D013EE22}.Ad-Hoc|iPhoneSimulator.Build.0 = Debug|Any CPU
		{E264CCC2-2434-47A7-AA28-4B50D013EE22}.Ad-Hoc|x64.ActiveCfg = Debug|Any CPU
		{E264CCC2-2434-47A7-AA28-4B50D013EE22}.Ad-Hoc|x64.Build.0 = Debug|Any CPU
		{E264CCC2-2434-47A7-AA28-4B50D013EE22}.Ad-Hoc|x86.ActiveCfg = Debug|Any CPU
		{E264CCC2-2434-47A7-AA28-4B50D013EE22}.Ad-Hoc|x86.Build.0 = Debug|Any CPU
		{E264CCC2-2434-47A7-AA28-4B50D013EE22}.AppStore|Any CPU.ActiveCfg = Debug|Any CPU
		{E264CCC2-2434-47A7-AA28-4B50D013EE22}.AppStore|Any CPU.Build.0 = Debug|Any CPU
		{E264CCC2-2434-47A7-AA28-4B50D013EE22}.AppStore|ARM.ActiveCfg = Debug|Any CPU
		{E264CCC2-2434-47A7-AA28-4B50D013EE22}.AppStore|ARM.Build.0 = Debug|Any CPU
		{E264CCC2-2434-47A7-AA28-4B50D013EE22}.AppStore|iPhone.ActiveCfg = Debug|Any CPU
		{E264CCC2-2434-47A7-AA28-4B50D013EE22}.AppStore|iPhone.Build.0 = Debug|Any CPU
		{E264CCC2-2434-47A7-AA28-4B50D013EE22}.AppStore|iPhoneSimulator.ActiveCfg = Debug|Any CPU
		{E264CCC2-2434-47A7-AA28-4B50D013EE22}.AppStore|iPhoneSimulator.Build.0 = Debug|Any CPU
		{E264CCC2-2434-47A7-AA28-4B50D013EE22}.AppStore|x64.ActiveCfg = Debug|Any CPU
		{E264CCC2-2434-47A7-AA28-4B50D013EE22}.AppStore|x64.Build.0 = Debug|Any CPU
		{E264CCC2-2434-47A7-AA28-4B50D013EE22}.AppStore|x86.ActiveCfg = Debug|Any CPU
		{E264CCC2-2434-47A7-AA28-4B50D013EE22}.AppStore|x86.Build.0 = Debug|Any CPU
		{E264CCC2-2434-47A7-AA28-4B50D013EE22}.Debug|Any CPU.ActiveCfg = Debug|Any CPU
		{E264CCC2-2434-47A7-AA28-4B50D013EE22}.Debug|Any CPU.Build.0 = Debug|Any CPU
		{E264CCC2-2434-47A7-AA28-4B50D013EE22}.Debug|ARM.ActiveCfg = Debug|Any CPU
		{E264CCC2-2434-47A7-AA28-4B50D013EE22}.Debug|ARM.Build.0 = Debug|Any CPU
		{E264CCC2-2434-47A7-AA28-4B50D013EE22}.Debug|iPhone.ActiveCfg = Debug|Any CPU
		{E264CCC2-2434-47A7-AA28-4B50D013EE22}.Debug|iPhone.Build.0 = Debug|Any CPU
		{E264CCC2-2434-47A7-AA28-4B50D013EE22}.Debug|iPhoneSimulator.ActiveCfg = Debug|Any CPU
		{E264CCC2-2434-47A7-AA28-4B50D013EE22}.Debug|iPhoneSimulator.Build.0 = Debug|Any CPU
		{E264CCC2-2434-47A7-AA28-4B50D013EE22}.Debug|x64.ActiveCfg = Debug|Any CPU
		{E264CCC2-2434-47A7-AA28-4B50D013EE22}.Debug|x64.Build.0 = Debug|Any CPU
		{E264CCC2-2434-47A7-AA28-4B50D013EE22}.Debug|x86.ActiveCfg = Debug|Any CPU
		{E264CCC2-2434-47A7-AA28-4B50D013EE22}.Debug|x86.Build.0 = Debug|Any CPU
		{E264CCC2-2434-47A7-AA28-4B50D013EE22}.Release|Any CPU.ActiveCfg = Release|Any CPU
		{E264CCC2-2434-47A7-AA28-4B50D013EE22}.Release|Any CPU.Build.0 = Release|Any CPU
		{E264CCC2-2434-47A7-AA28-4B50D013EE22}.Release|ARM.ActiveCfg = Release|Any CPU
		{E264CCC2-2434-47A7-AA28-4B50D013EE22}.Release|ARM.Build.0 = Release|Any CPU
		{E264CCC2-2434-47A7-AA28-4B50D013EE22}.Release|iPhone.ActiveCfg = Release|Any CPU
		{E264CCC2-2434-47A7-AA28-4B50D013EE22}.Release|iPhone.Build.0 = Release|Any CPU
		{E264CCC2-2434-47A7-AA28-4B50D013EE22}.Release|iPhoneSimulator.ActiveCfg = Release|Any CPU
		{E264CCC2-2434-47A7-AA28-4B50D013EE22}.Release|iPhoneSimulator.Build.0 = Release|Any CPU
		{E264CCC2-2434-47A7-AA28-4B50D013EE22}.Release|x64.ActiveCfg = Release|Any CPU
		{E264CCC2-2434-47A7-AA28-4B50D013EE22}.Release|x64.Build.0 = Release|Any CPU
		{E264CCC2-2434-47A7-AA28-4B50D013EE22}.Release|x86.ActiveCfg = Release|Any CPU
		{E264CCC2-2434-47A7-AA28-4B50D013EE22}.Release|x86.Build.0 = Release|Any CPU
	EndGlobalSection
	GlobalSection(SolutionProperties) = preSolution
		HideSolutionNode = FALSE
	EndGlobalSection
	GlobalSection(ExtensibilityGlobals) = postSolution
		SolutionGuid = {1B78A3C5-D95A-444F-A989-C564B344E571}
	EndGlobalSection
EndGlobal
